<Solution>
  <Configurations>
    <Platform Name="Any CPU" />
    <Platform Name="x64" />
    <Platform Name="x86" />
  </Configurations>
  <Folder Name="/src/">
    <Project Path="src/HackathonBot/HackathonBot.csproj" />
    <Project Path="src/MyBots.Common/MyBots.Core.csproj" />
    <Project Path="src/MyBots.Persistence/MyBots.Persistence.csproj" Id="83739b5f-1ccf-4226-a444-16bf468eb716" />
    <Project Path="src/MyBots.Scheduling/MyBots.Scheduling.csproj" />
  </Folder>
</Solution>
